
Microsoft Visual Studio Solution File, Format Version 12.00
# Visual Studio Version 17
VisualStudioVersion = 17.12.35527.113
MinimumVisualStudioVersion = 10.0.40219.1
Project("{9A19103F-16F7-4668-BE54-9A1E7A4F7556}") = "Tyuiu.MasalimovTR.Sprint6.Task0.V6.Lib", "Tyuiu.MasalimovTR.Sprint6.Task0.V6.Lib\Tyuiu.MasalimovTR.Sprint6.Task0.V6.Lib.csproj", "{675CFE85-A0E9-4A3B-8B42-7701D754810A}"
EndProject
Project("{2150E333-8FDC-42A3-9474-1A3956D46DE8}") = "Task0", "Task0", "{26849B16-75BF-463C-8CD3-A51BCBE04702}"
EndProject
Project("{9A19103F-16F7-4668-BE54-9A1E7A4F7556}") = "Tyuiu.MasalimovTR.Sprint6.Task0.V6.Test", "Tyuiu.MasalimovTR.Sprint6.Task0.V6.Test\Tyuiu.MasalimovTR.Sprint6.Task0.V6.Test.csproj", "{66D90931-0CA3-483C-A842-3EB53FA926AE}"
EndProject
Project("{9A19103F-16F7-4668-BE54-9A1E7A4F7556}") = "Tyuiu.MasalimovTR.Sprint6.Task0.V6", "Tyuiu.MasalimovTR.Sprint6.Task0.V6\Tyuiu.MasalimovTR.Sprint6.Task0.V6.csproj", "{42EB0493-0B21-4085-A65C-BD1DFC76AFF7}"
EndProject
Project("{2150E333-8FDC-42A3-9474-1A3956D46DE8}") = "Task1", "Task1", "{D294B9AD-A59F-47C9-9AD3-2CC9B3B03E75}"
EndProject
Project("{2150E333-8FDC-42A3-9474-1A3956D46DE8}") = "Task2", "Task2", "{7DC47AD7-244C-4341-B025-5C5E3C9C81DD}"
EndProject
Project("{2150E333-8FDC-42A3-9474-1A3956D46DE8}") = "Task3", "Task3", "{445AF2D5-BD81-4451-80C5-81B15F0FD3C9}"
EndProject
Project("{2150E333-8FDC-42A3-9474-1A3956D46DE8}") = "Task4", "Task4", "{058A7361-8D4C-4EC7-BBFC-13B8D7750816}"
EndProject
Project("{2150E333-8FDC-42A3-9474-1A3956D46DE8}") = "Task5", "Task5", "{17788445-DAE0-45BB-8EEC-00B85BE20952}"
EndProject
Project("{2150E333-8FDC-42A3-9474-1A3956D46DE8}") = "Task6", "Task6", "{BD2B7271-975D-4CBB-9E37-5D22B0AE872F}"
EndProject
Project("{2150E333-8FDC-42A3-9474-1A3956D46DE8}") = "Task7", "Task7", "{E1DB6CFC-5F47-468E-9D9C-4888B27D9862}"
EndProject
Project("{FAE04EC0-301F-11D3-BF4B-00C04F79EFBC}") = "Tyuiu.MasalimovTR.Sprint6.Task1.V2.Lib", "Tyuiu.MasalimovTR.Sprint6.Task1.V2.Lib\Tyuiu.MasalimovTR.Sprint6.Task1.V2.Lib.csproj", "{8BD52271-6D41-4746-841F-F8F256F55FDC}"
EndProject
Project("{FAE04EC0-301F-11D3-BF4B-00C04F79EFBC}") = "Tyuiu.MasalimovTR.Sprint6.Task1.V2.Test", "Tyuiu.MasalimovTR.Sprint6.Task1.V2.Test\Tyuiu.MasalimovTR.Sprint6.Task1.V2.Test.csproj", "{D0495794-0210-4CB5-B882-9FA9F6D5958B}"
EndProject
Global
	GlobalSection(SolutionConfigurationPlatforms) = preSolution
		Debug|Any CPU = Debug|Any CPU
		Release|Any CPU = Release|Any CPU
	EndGlobalSection
	GlobalSection(ProjectConfigurationPlatforms) = postSolution
		{675CFE85-A0E9-4A3B-8B42-7701D754810A}.Debug|Any CPU.ActiveCfg = Debug|Any CPU
		{675CFE85-A0E9-4A3B-8B42-7701D754810A}.Debug|Any CPU.Build.0 = Debug|Any CPU
		{675CFE85-A0E9-4A3B-8B42-7701D754810A}.Release|Any CPU.ActiveCfg = Release|Any CPU
		{675CFE85-A0E9-4A3B-8B42-7701D754810A}.Release|Any CPU.Build.0 = Release|Any CPU
		{66D90931-0CA3-483C-A842-3EB53FA926AE}.Debug|Any CPU.ActiveCfg = Debug|Any CPU
		{66D90931-0CA3-483C-A842-3EB53FA926AE}.Debug|Any CPU.Build.0 = Debug|Any CPU
		{66D90931-0CA3-483C-A842-3EB53FA926AE}.Release|Any CPU.ActiveCfg = Release|Any CPU
		{66D90931-0CA3-483C-A842-3EB53FA926AE}.Release|Any CPU.Build.0 = Release|Any CPU
		{42EB0493-0B21-4085-A65C-BD1DFC76AFF7}.Debug|Any CPU.ActiveCfg = Debug|Any CPU
		{42EB0493-0B21-4085-A65C-BD1DFC76AFF7}.Debug|Any CPU.Build.0 = Debug|Any CPU
		{42EB0493-0B21-4085-A65C-BD1DFC76AFF7}.Release|Any CPU.ActiveCfg = Release|Any CPU
		{42EB0493-0B21-4085-A65C-BD1DFC76AFF7}.Release|Any CPU.Build.0 = Release|Any CPU
		{8BD52271-6D41-4746-841F-F8F256F55FDC}.Debug|Any CPU.ActiveCfg = Debug|Any CPU
		{8BD52271-6D41-4746-841F-F8F256F55FDC}.Debug|Any CPU.Build.0 = Debug|Any CPU
		{8BD52271-6D41-4746-841F-F8F256F55FDC}.Release|Any CPU.ActiveCfg = Release|Any CPU
		{8BD52271-6D41-4746-841F-F8F256F55FDC}.Release|Any CPU.Build.0 = Release|Any CPU
		{D0495794-0210-4CB5-B882-9FA9F6D5958B}.Debug|Any CPU.ActiveCfg = Debug|Any CPU
		{D0495794-0210-4CB5-B882-9FA9F6D5958B}.Debug|Any CPU.Build.0 = Debug|Any CPU
		{D0495794-0210-4CB5-B882-9FA9F6D5958B}.Release|Any CPU.ActiveCfg = Release|Any CPU
		{D0495794-0210-4CB5-B882-9FA9F6D5958B}.Release|Any CPU.Build.0 = Release|Any CPU
	EndGlobalSection
	GlobalSection(SolutionProperties) = preSolution
		HideSolutionNode = FALSE
	EndGlobalSection
	GlobalSection(NestedProjects) = preSolution
		{675CFE85-A0E9-4A3B-8B42-7701D754810A} = {26849B16-75BF-463C-8CD3-A51BCBE04702}
		{66D90931-0CA3-483C-A842-3EB53FA926AE} = {26849B16-75BF-463C-8CD3-A51BCBE04702}
		{42EB0493-0B21-4085-A65C-BD1DFC76AFF7} = {26849B16-75BF-463C-8CD3-A51BCBE04702}
		{8BD52271-6D41-4746-841F-F8F256F55FDC} = {D294B9AD-A59F-47C9-9AD3-2CC9B3B03E75}
		{D0495794-0210-4CB5-B882-9FA9F6D5958B} = {D294B9AD-A59F-47C9-9AD3-2CC9B3B03E75}
	EndGlobalSection
	GlobalSection(ExtensibilityGlobals) = postSolution
		SolutionGuid = {90CD9BCA-644C-4663-8D5C-66EE976C782F}
	EndGlobalSection
EndGlobal
